// !$*UTF8*$!
{
	archiveVersion = 1;
	classes = {
	};
	objectVersion = 56;
	objects = {

/* Begin PBXBuildFile section */
		E65C87882B4FEC9D00056C4D /* BerlinClockLamps.swift in Sources */ = {isa = PBXBuildFile; fileRef = E65C87872B4FEC9D00056C4D /* BerlinClockLamps.swift */; };
		E65C878A2B501E5F00056C4D /* AppConstants.swift in Sources */ = {isa = PBXBuildFile; fileRef = E65C87892B501E5F00056C4D /* AppConstants.swift */; };
		E65C87902B510D0C00056C4D /* BerlinClockViewModel.swift in Sources */ = {isa = PBXBuildFile; fileRef = E65C878F2B510D0C00056C4D /* BerlinClockViewModel.swift */; };
		E65C87922B510FD900056C4D /* SecondsLampView.swift in Sources */ = {isa = PBXBuildFile; fileRef = E65C87912B510FD800056C4D /* SecondsLampView.swift */; };
		E6FAEE682B4E89C4002B820D /* BerlinClockApp.swift in Sources */ = {isa = PBXBuildFile; fileRef = E6FAEE672B4E89C4002B820D /* BerlinClockApp.swift */; };
		E6FAEE6A2B4E89C4002B820D /* BerlinClockView.swift in Sources */ = {isa = PBXBuildFile; fileRef = E6FAEE692B4E89C4002B820D /* BerlinClockView.swift */; };
		E6FAEE6C2B4E89C5002B820D /* Assets.xcassets in Resources */ = {isa = PBXBuildFile; fileRef = E6FAEE6B2B4E89C5002B820D /* Assets.xcassets */; };
		E6FAEE6F2B4E89C5002B820D /* Preview Assets.xcassets in Resources */ = {isa = PBXBuildFile; fileRef = E6FAEE6E2B4E89C5002B820D /* Preview Assets.xcassets */; };
		E6FAEE792B4E89C5002B820D /* BerlinClockTests.swift in Sources */ = {isa = PBXBuildFile; fileRef = E6FAEE782B4E89C5002B820D /* BerlinClockTests.swift */; };
		E6FAEE942B4E926E002B820D /* BerlinClockModel.swift in Sources */ = {isa = PBXBuildFile; fileRef = E6FAEE932B4E926E002B820D /* BerlinClockModel.swift */; };
/* End PBXBuildFile section */

/* Begin PBXContainerItemProxy section */
		E6FAEE752B4E89C5002B820D /* PBXContainerItemProxy */ = {
			isa = PBXContainerItemProxy;
			containerPortal = E6FAEE5C2B4E89C4002B820D /* Project object */;
			proxyType = 1;
			remoteGlobalIDString = E6FAEE632B4E89C4002B820D;
			remoteInfo = BerlinClock;
		};
/* End PBXContainerItemProxy section */

/* Begin PBXFileReference section */
		E65C87872B4FEC9D00056C4D /* BerlinClockLamps.swift */ = {isa = PBXFileReference; lastKnownFileType = sourcecode.swift; path = BerlinClockLamps.swift; sourceTree = "<group>"; };
		E65C87892B501E5F00056C4D /* AppConstants.swift */ = {isa = PBXFileReference; lastKnownFileType = sourcecode.swift; path = AppConstants.swift; sourceTree = "<group>"; };
		E65C878F2B510D0C00056C4D /* BerlinClockViewModel.swift */ = {isa = PBXFileReference; lastKnownFileType = sourcecode.swift; path = BerlinClockViewModel.swift; sourceTree = "<group>"; };
		E65C87912B510FD800056C4D /* SecondsLampView.swift */ = {isa = PBXFileReference; lastKnownFileType = sourcecode.swift; path = SecondsLampView.swift; sourceTree = "<group>"; };
		E6FAEE642B4E89C4002B820D /* BerlinClock.app */ = {isa = PBXFileReference; explicitFileType = wrapper.application; includeInIndex = 0; path = BerlinClock.app; sourceTree = BUILT_PRODUCTS_DIR; };
		E6FAEE672B4E89C4002B820D /* BerlinClockApp.swift */ = {isa = PBXFileReference; lastKnownFileType = sourcecode.swift; path = BerlinClockApp.swift; sourceTree = "<group>"; };
		E6FAEE692B4E89C4002B820D /* BerlinClockView.swift */ = {isa = PBXFileReference; lastKnownFileType = sourcecode.swift; path = BerlinClockView.swift; sourceTree = "<group>"; };
		E6FAEE6B2B4E89C5002B820D /* Assets.xcassets */ = {isa = PBXFileReference; lastKnownFileType = folder.assetcatalog; path = Assets.xcassets; sourceTree = "<group>"; };
		E6FAEE6E2B4E89C5002B820D /* Preview Assets.xcassets */ = {isa = PBXFileReference; lastKnownFileType = folder.assetcatalog; path = "Preview Assets.xcassets"; sourceTree = "<group>"; };
		E6FAEE742B4E89C5002B820D /* BerlinClockTests.xctest */ = {isa = PBXFileReference; explicitFileType = wrapper.cfbundle; includeInIndex = 0; path = BerlinClockTests.xctest; sourceTree = BUILT_PRODUCTS_DIR; };
		E6FAEE782B4E89C5002B820D /* BerlinClockTests.swift */ = {isa = PBXFileReference; lastKnownFileType = sourcecode.swift; path = BerlinClockTests.swift; sourceTree = "<group>"; };
		E6FAEE932B4E926E002B820D /* BerlinClockModel.swift */ = {isa = PBXFileReference; lastKnownFileType = sourcecode.swift; path = BerlinClockModel.swift; sourceTree = "<group>"; };
/* End PBXFileReference section */

/* Begin PBXFrameworksBuildPhase section */
		E6FAEE612B4E89C4002B820D /* Frameworks */ = {
			isa = PBXFrameworksBuildPhase;
			buildActionMask = 2147483647;
			files = (
			);
			runOnlyForDeploymentPostprocessing = 0;
		};
		E6FAEE712B4E89C5002B820D /* Frameworks */ = {
			isa = PBXFrameworksBuildPhase;
			buildActionMask = 2147483647;
			files = (
			);
			runOnlyForDeploymentPostprocessing = 0;
		};
/* End PBXFrameworksBuildPhase section */

/* Begin PBXGroup section */
		E65C878B2B510C8500056C4D /* App */ = {
			isa = PBXGroup;
			children = (
				E6FAEE672B4E89C4002B820D /* BerlinClockApp.swift */,
				E65C87892B501E5F00056C4D /* AppConstants.swift */,
				E6FAEE6B2B4E89C5002B820D /* Assets.xcassets */,
			);
			path = App;
			sourceTree = "<group>";
		};
		E65C878C2B510C8D00056C4D /* View */ = {
			isa = PBXGroup;
			children = (
				E6FAEE692B4E89C4002B820D /* BerlinClockView.swift */,
				E65C87912B510FD800056C4D /* SecondsLampView.swift */,
			);
			path = View;
			sourceTree = "<group>";
		};
		E65C878D2B510CE400056C4D /* Model */ = {
			isa = PBXGroup;
			children = (
				E6FAEE932B4E926E002B820D /* BerlinClockModel.swift */,
				E65C87872B4FEC9D00056C4D /* BerlinClockLamps.swift */,
			);
			path = Model;
			sourceTree = "<group>";
		};
		E65C878E2B510CEF00056C4D /* ViewModel */ = {
			isa = PBXGroup;
			children = (
				E65C878F2B510D0C00056C4D /* BerlinClockViewModel.swift */,
			);
			path = ViewModel;
			sourceTree = "<group>";
		};
		E6FAEE5B2B4E89C4002B820D = {
			isa = PBXGroup;
			children = (
				E6FAEE662B4E89C4002B820D /* BerlinClock */,
				E6FAEE772B4E89C5002B820D /* BerlinClockTests */,
				E6FAEE652B4E89C4002B820D /* Products */,
			);
			sourceTree = "<group>";
		};
		E6FAEE652B4E89C4002B820D /* Products */ = {
			isa = PBXGroup;
			children = (
				E6FAEE642B4E89C4002B820D /* BerlinClock.app */,
				E6FAEE742B4E89C5002B820D /* BerlinClockTests.xctest */,
			);
			name = Products;
			sourceTree = "<group>";
		};
		E6FAEE662B4E89C4002B820D /* BerlinClock */ = {
			isa = PBXGroup;
			children = (
				E65C878E2B510CEF00056C4D /* ViewModel */,
				E65C878B2B510C8500056C4D /* App */,
				E65C878C2B510C8D00056C4D /* View */,
				E65C878D2B510CE400056C4D /* Model */,
				E6FAEE6D2B4E89C5002B820D /* Preview Content */,
			);
			path = BerlinClock;
			sourceTree = "<group>";
		};
		E6FAEE6D2B4E89C5002B820D /* Preview Content */ = {
			isa = PBXGroup;
			children = (
				E6FAEE6E2B4E89C5002B820D /* Preview Assets.xcassets */,
			);
			path = "Preview Content";
			sourceTree = "<group>";
		};
		E6FAEE772B4E89C5002B820D /* BerlinClockTests */ = {
			isa = PBXGroup;
			children = (
				E6FAEE782B4E89C5002B820D /* BerlinClockTests.swift */,
			);
			path = BerlinClockTests;
			sourceTree = "<group>";
		};
/* End PBXGroup section */

/* Begin PBXNativeTarget section */
		E6FAEE632B4E89C4002B820D /* BerlinClock */ = {
			isa = PBXNativeTarget;
			buildConfigurationList = E6FAEE882B4E89C5002B820D /* Build configuration list for PBXNativeTarget "BerlinClock" */;
			buildPhases = (
				E6FAEE602B4E89C4002B820D /* Sources */,
				E6FAEE612B4E89C4002B820D /* Frameworks */,
				E6FAEE622B4E89C4002B820D /* Resources */,
			);
			buildRules = (
			);
			dependencies = (
			);
			name = BerlinClock;
			productName = BerlinClock;
			productReference = E6FAEE642B4E89C4002B820D /* BerlinClock.app */;
			productType = "com.apple.product-type.application";
		};
		E6FAEE732B4E89C5002B820D /* BerlinClockTests */ = {
			isa = PBXNativeTarget;
			buildConfigurationList = E6FAEE8B2B4E89C5002B820D /* Build configuration list for PBXNativeTarget "BerlinClockTests" */;
			buildPhases = (
				E6FAEE702B4E89C5002B820D /* Sources */,
				E6FAEE712B4E89C5002B820D /* Frameworks */,
				E6FAEE722B4E89C5002B820D /* Resources */,
			);
			buildRules = (
			);
			dependencies = (
				E6FAEE762B4E89C5002B820D /* PBXTargetDependency */,
			);
			name = BerlinClockTests;
			productName = BerlinClockTests;
			productReference = E6FAEE742B4E89C5002B820D /* BerlinClockTests.xctest */;
			productType = "com.apple.product-type.bundle.unit-test";
		};
/* End PBXNativeTarget section */

/* Begin PBXProject section */
		E6FAEE5C2B4E89C4002B820D /* Project object */ = {
			isa = PBXProject;
			attributes = {
				BuildIndependentTargetsInParallel = 1;
				LastSwiftUpdateCheck = 1430;
				LastUpgradeCheck = 1430;
				TargetAttributes = {
					E6FAEE632B4E89C4002B820D = {
						CreatedOnToolsVersion = 14.3.1;
					};
					E6FAEE732B4E89C5002B820D = {
						CreatedOnToolsVersion = 14.3.1;
						TestTargetID = E6FAEE632B4E89C4002B820D;
					};
				};
			};
			buildConfigurationList = E6FAEE5F2B4E89C4002B820D /* Build configuration list for PBXProject "BerlinClock" */;
			compatibilityVersion = "Xcode 14.0";
			developmentRegion = en;
			hasScannedForEncodings = 0;
			knownRegions = (
				en,
				Base,
			);
			mainGroup = E6FAEE5B2B4E89C4002B820D;
			productRefGroup = E6FAEE652B4E89C4002B820D /* Products */;
			projectDirPath = "";
			projectRoot = "";
			targets = (
				E6FAEE632B4E89C4002B820D /* BerlinClock */,
				E6FAEE732B4E89C5002B820D /* BerlinClockTests */,
			);
		};
/* End PBXProject section */

/* Begin PBXResourcesBuildPhase section */
		E6FAEE622B4E89C4002B820D /* Resources */ = {
			isa = PBXResourcesBuildPhase;
			buildActionMask = 2147483647;
			files = (
				E6FAEE6F2B4E89C5002B820D /* Preview Assets.xcassets in Resources */,
				E6FAEE6C2B4E89C5002B820D /* Assets.xcassets in Resources */,
			);
			runOnlyForDeploymentPostprocessing = 0;
		};
		E6FAEE722B4E89C5002B820D /* Resources */ = {
			isa = PBXResourcesBuildPhase;
			buildActionMask = 2147483647;
			files = (
			);
			runOnlyForDeploymentPostprocessing = 0;
		};
/* End PBXResourcesBuildPhase section */

/* Begin PBXSourcesBuildPhase section */
		E6FAEE602B4E89C4002B820D /* Sources */ = {
			isa = PBXSourcesBuildPhase;
			buildActionMask = 2147483647;
			files = (
				E65C87882B4FEC9D00056C4D /* BerlinClockLamps.swift in Sources */,
				E65C87922B510FD900056C4D /* SecondsLampView.swift in Sources */,
				E65C87902B510D0C00056C4D /* BerlinClockViewModel.swift in Sources */,
				E6FAEE6A2B4E89C4002B820D /* BerlinClockView.swift in Sources */,
				E6FAEE942B4E926E002B820D /* BerlinClockModel.swift in Sources */,
				E6FAEE682B4E89C4002B820D /* BerlinClockApp.swift in Sources */,
				E65C878A2B501E5F00056C4D /* AppConstants.swift in Sources */,
			);
			runOnlyForDeploymentPostprocessing = 0;
		};
		E6FAEE702B4E89C5002B820D /* Sources */ = {
			isa = PBXSourcesBuildPhase;
			buildActionMask = 2147483647;
			files = (
				E6FAEE792B4E89C5002B820D /* BerlinClockTests.swift in Sources */,
			);
			runOnlyForDeploymentPostprocessing = 0;
		};
/* End PBXSourcesBuildPhase section */

/* Begin PBXTargetDependency section */
		E6FAEE762B4E89C5002B820D /* PBXTargetDependency */ = {
			isa = PBXTargetDependency;
			target = E6FAEE632B4E89C4002B820D /* BerlinClock */;
			targetProxy = E6FAEE752B4E89C5002B820D /* PBXContainerItemProxy */;
		};
/* End PBXTargetDependency section */

/* Begin XCBuildConfiguration section */
		E6FAEE862B4E89C5002B820D /* Debug */ = {
			isa = XCBuildConfiguration;
			buildSettings = {
				ALWAYS_SEARCH_USER_PATHS = NO;
				CLANG_ANALYZER_NONNULL = YES;
				CLANG_ANALYZER_NUMBER_OBJECT_CONVERSION = YES_AGGRESSIVE;
				CLANG_CXX_LANGUAGE_STANDARD = "gnu++20";
				CLANG_ENABLE_MODULES = YES;
				CLANG_ENABLE_OBJC_ARC = YES;
				CLANG_ENABLE_OBJC_WEAK = YES;
				CLANG_WARN_BLOCK_CAPTURE_AUTORELEASING = YES;
				CLANG_WARN_BOOL_CONVERSION = YES;
				CLANG_WARN_COMMA = YES;
				CLANG_WARN_CONSTANT_CONVERSION = YES;
				CLANG_WARN_DEPRECATED_OBJC_IMPLEMENTATIONS = YES;
				CLANG_WARN_DIRECT_OBJC_ISA_USAGE = YES_ERROR;
				CLANG_WARN_DOCUMENTATION_COMMENTS = YES;
				CLANG_WARN_EMPTY_BODY = YES;
				CLANG_WARN_ENUM_CONVERSION = YES;
				CLANG_WARN_INFINITE_RECURSION = YES;
				CLANG_WARN_INT_CONVERSION = YES;
				CLANG_WARN_NON_LITERAL_NULL_CONVERSION = YES;
				CLANG_WARN_OBJC_IMPLICIT_RETAIN_SELF = YES;
				CLANG_WARN_OBJC_LITERAL_CONVERSION = YES;
				CLANG_WARN_OBJC_ROOT_CLASS = YES_ERROR;
				CLANG_WARN_QUOTED_INCLUDE_IN_FRAMEWORK_HEADER = YES;
				CLANG_WARN_RANGE_LOOP_ANALYSIS = YES;
				CLANG_WARN_STRICT_PROTOTYPES = YES;
				CLANG_WARN_SUSPICIOUS_MOVE = YES;
				CLANG_WARN_UNGUARDED_AVAILABILITY = YES_AGGRESSIVE;
				CLANG_WARN_UNREACHABLE_CODE = YES;
				CLANG_WARN__DUPLICATE_METHOD_MATCH = YES;
				COPY_PHASE_STRIP = NO;
				DEBUG_INFORMATION_FORMAT = dwarf;
				ENABLE_STRICT_OBJC_MSGSEND = YES;
				ENABLE_TESTABILITY = YES;
				GCC_C_LANGUAGE_STANDARD = gnu11;
				GCC_DYNAMIC_NO_PIC = NO;
				GCC_NO_COMMON_BLOCKS = YES;
				GCC_OPTIMIZATION_LEVEL = 0;
				GCC_PREPROCESSOR_DEFINITIONS = (
					"DEBUG=1",
					"$(inherited)",
				);
				GCC_WARN_64_TO_32_BIT_CONVERSION = YES;
				GCC_WARN_ABOUT_RETURN_TYPE = YES_ERROR;
				GCC_WARN_UNDECLARED_SELECTOR = YES;
				GCC_WARN_UNINITIALIZED_AUTOS = YES_AGGRESSIVE;
				GCC_WARN_UNUSED_FUNCTION = YES;
				GCC_WARN_UNUSED_VARIABLE = YES;
				IPHONEOS_DEPLOYMENT_TARGET = 16.4;
				MTL_ENABLE_DEBUG_INFO = INCLUDE_SOURCE;
				MTL_FAST_MATH = YES;
				ONLY_ACTIVE_ARCH = YES;
				SDKROOT = iphoneos;
				SWIFT_ACTIVE_COMPILATION_CONDITIONS = DEBUG;
				SWIFT_OPTIMIZATION_LEVEL = "-Onone";
			};
			name = Debug;
		};
		E6FAEE872B4E89C5002B820D /* Release */ = {
			isa = XCBuildConfiguration;
			buildSettings = {
				ALWAYS_SEARCH_USER_PATHS = NO;
				CLANG_ANALYZER_NONNULL = YES;
				CLANG_ANALYZER_NUMBER_OBJECT_CONVERSION = YES_AGGRESSIVE;
				CLANG_CXX_LANGUAGE_STANDARD = "gnu++20";
				CLANG_ENABLE_MODULES = YES;
				CLANG_ENABLE_OBJC_ARC = YES;
				CLANG_ENABLE_OBJC_WEAK = YES;
				CLANG_WARN_BLOCK_CAPTURE_AUTORELEASING = YES;
				CLANG_WARN_BOOL_CONVERSION = YES;
				CLANG_WARN_COMMA = YES;
				CLANG_WARN_CONSTANT_CONVERSION = YES;
				CLANG_WARN_DEPRECATED_OBJC_IMPLEMENTATIONS = YES;
				CLANG_WARN_DIRECT_OBJC_ISA_USAGE = YES_ERROR;
				CLANG_WARN_DOCUMENTATION_COMMENTS = YES;
				CLANG_WARN_EMPTY_BODY = YES;
				CLANG_WARN_ENUM_CONVERSION = YES;
				CLANG_WARN_INFINITE_RECURSION = YES;
				CLANG_WARN_INT_CONVERSION = YES;
				CLANG_WARN_NON_LITERAL_NULL_CONVERSION = YES;
				CLANG_WARN_OBJC_IMPLICIT_RETAIN_SELF = YES;
				CLANG_WARN_OBJC_LITERAL_CONVERSION = YES;
				CLANG_WARN_OBJC_ROOT_CLASS = YES_ERROR;
				CLANG_WARN_QUOTED_INCLUDE_IN_FRAMEWORK_HEADER = YES;
				CLANG_WARN_RANGE_LOOP_ANALYSIS = YES;
				CLANG_WARN_STRICT_PROTOTYPES = YES;
				CLANG_WARN_SUSPICIOUS_MOVE = YES;
				CLANG_WARN_UNGUARDED_AVAILABILITY = YES_AGGRESSIVE;
				CLANG_WARN_UNREACHABLE_CODE = YES;
				CLANG_WARN__DUPLICATE_METHOD_MATCH = YES;
				COPY_PHASE_STRIP = NO;
				DEBUG_INFORMATION_FORMAT = "dwarf-with-dsym";
				ENABLE_NS_ASSERTIONS = NO;
				ENABLE_STRICT_OBJC_MSGSEND = YES;
				GCC_C_LANGUAGE_STANDARD = gnu11;
				GCC_NO_COMMON_BLOCKS = YES;
				GCC_WARN_64_TO_32_BIT_CONVERSION = YES;
				GCC_WARN_ABOUT_RETURN_TYPE = YES_ERROR;
				GCC_WARN_UNDECLARED_SELECTOR = YES;
				GCC_WARN_UNINITIALIZED_AUTOS = YES_AGGRESSIVE;
				GCC_WARN_UNUSED_FUNCTION = YES;
				GCC_WARN_UNUSED_VARIABLE = YES;
				IPHONEOS_DEPLOYMENT_TARGET = 16.4;
				MTL_ENABLE_DEBUG_INFO = NO;
				MTL_FAST_MATH = YES;
				SDKROOT = iphoneos;
				SWIFT_COMPILATION_MODE = wholemodule;
				SWIFT_OPTIMIZATION_LEVEL = "-O";
				VALIDATE_PRODUCT = YES;
			};
			name = Release;
		};
		E6FAEE892B4E89C5002B820D /* Debug */ = {
			isa = XCBuildConfiguration;
			buildSettings = {
				ASSETCATALOG_COMPILER_APPICON_NAME = AppIcon;
				ASSETCATALOG_COMPILER_GLOBAL_ACCENT_COLOR_NAME = AccentColor;
				CODE_SIGN_STYLE = Automatic;
				CURRENT_PROJECT_VERSION = 1;
				DEVELOPMENT_ASSET_PATHS = "\"BerlinClock/Preview Content\"";
				ENABLE_PREVIEWS = YES;
				GENERATE_INFOPLIST_FILE = YES;
				INFOPLIST_KEY_UIApplicationSceneManifest_Generation = YES;
				INFOPLIST_KEY_UIApplicationSupportsIndirectInputEvents = YES;
				INFOPLIST_KEY_UILaunchScreen_Generation = YES;
				INFOPLIST_KEY_UISupportedInterfaceOrientations_iPad = "UIInterfaceOrientationPortrait UIInterfaceOrientationPortraitUpsideDown UIInterfaceOrientationLandscapeLeft UIInterfaceOrientationLandscapeRight";
				INFOPLIST_KEY_UISupportedInterfaceOrientations_iPhone = "UIInterfaceOrientationPortrait UIInterfaceOrientationLandscapeLeft UIInterfaceOrientationLandscapeRight";
				LD_RUNPATH_SEARCH_PATHS = (
					"$(inherited)",
					"@executable_path/Frameworks",
				);
				MARKETING_VERSION = 1.0;
				PRODUCT_BUNDLE_IDENTIFIER = tcs.BerlinClock;
				PRODUCT_NAME = "$(TARGET_NAME)";
				SWIFT_EMIT_LOC_STRINGS = YES;
				SWIFT_VERSION = 5.0;
				TARGETED_DEVICE_FAMILY = "1,2";
			};
			name = Debug;
		};
		E6FAEE8A2B4E89C5002B820D /* Release */ = {
			isa = XCBuildConfiguration;
			buildSettings = {
				ASSETCATALOG_COMPILER_APPICON_NAME = AppIcon;
				ASSETCATALOG_COMPILER_GLOBAL_ACCENT_COLOR_NAME = AccentColor;
				CODE_SIGN_STYLE = Automatic;
				CURRENT_PROJECT_VERSION = 1;
				DEVELOPMENT_ASSET_PATHS = "\"BerlinClock/Preview Content\"";
				ENABLE_PREVIEWS = YES;
				GENERATE_INFOPLIST_FILE = YES;
				INFOPLIST_KEY_UIApplicationSceneManifest_Generation = YES;
				INFOPLIST_KEY_UIApplicationSupportsIndirectInputEvents = YES;
				INFOPLIST_KEY_UILaunchScreen_Generation = YES;
				INFOPLIST_KEY_UISupportedInterfaceOrientations_iPad = "UIInterfaceOrientationPortrait UIInterfaceOrientationPortraitUpsideDown UIInterfaceOrientationLandscapeLeft UIInterfaceOrientationLandscapeRight";
				INFOPLIST_KEY_UISupportedInterfaceOrientations_iPhone = "UIInterfaceOrientationPortrait UIInterfaceOrientationLandscapeLeft UIInterfaceOrientationLandscapeRight";
				LD_RUNPATH_SEARCH_PATHS = (
					"$(inherited)",
					"@executable_path/Frameworks",
				);
				MARKETING_VERSION = 1.0;
				PRODUCT_BUNDLE_IDENTIFIER = tcs.BerlinClock;
				PRODUCT_NAME = "$(TARGET_NAME)";
				SWIFT_EMIT_LOC_STRINGS = YES;
				SWIFT_VERSION = 5.0;
				TARGETED_DEVICE_FAMILY = "1,2";
			};
			name = Release;
		};
		E6FAEE8C2B4E89C5002B820D /* Debug */ = {
			isa = XCBuildConfiguration;
			buildSettings = {
				ALWAYS_EMBED_SWIFT_STANDARD_LIBRARIES = YES;
				BUNDLE_LOADER = "$(TEST_HOST)";
				CODE_SIGN_STYLE = Automatic;
				CURRENT_PROJECT_VERSION = 1;
				GENERATE_INFOPLIST_FILE = YES;
				IPHONEOS_DEPLOYMENT_TARGET = 16.4;
				MARKETING_VERSION = 1.0;
				PRODUCT_BUNDLE_IDENTIFIER = tcs.BerlinClockTests;
				PRODUCT_NAME = "$(TARGET_NAME)";
				SWIFT_EMIT_LOC_STRINGS = NO;
				SWIFT_VERSION = 5.0;
				TARGETED_DEVICE_FAMILY = "1,2";
				TEST_HOST = "$(BUILT_PRODUCTS_DIR)/BerlinClock.app/$(BUNDLE_EXECUTABLE_FOLDER_PATH)/BerlinClock";
			};
			name = Debug;
		};
		E6FAEE8D2B4E89C5002B820D /* Release */ = {
			isa = XCBuildConfiguration;
			buildSettings = {
				ALWAYS_EMBED_SWIFT_STANDARD_LIBRARIES = YES;
				BUNDLE_LOADER = "$(TEST_HOST)";
				CODE_SIGN_STYLE = Automatic;
				CURRENT_PROJECT_VERSION = 1;
				GENERATE_INFOPLIST_FILE = YES;
				IPHONEOS_DEPLOYMENT_TARGET = 16.4;
				MARKETING_VERSION = 1.0;
				PRODUCT_BUNDLE_IDENTIFIER = tcs.BerlinClockTests;
				PRODUCT_NAME = "$(TARGET_NAME)";
				SWIFT_EMIT_LOC_STRINGS = NO;
				SWIFT_VERSION = 5.0;
				TARGETED_DEVICE_FAMILY = "1,2";
				TEST_HOST = "$(BUILT_PRODUCTS_DIR)/BerlinClock.app/$(BUNDLE_EXECUTABLE_FOLDER_PATH)/BerlinClock";
			};
			name = Release;
		};
/* End XCBuildConfiguration section */

/* Begin XCConfigurationList section */
		E6FAEE5F2B4E89C4002B820D /* Build configuration list for PBXProject "BerlinClock" */ = {
			isa = XCConfigurationList;
			buildConfigurations = (
				E6FAEE862B4E89C5002B820D /* Debug */,
				E6FAEE872B4E89C5002B820D /* Release */,
			);
			defaultConfigurationIsVisible = 0;
			defaultConfigurationName = Release;
		};
		E6FAEE882B4E89C5002B820D /* Build configuration list for PBXNativeTarget "BerlinClock" */ = {
			isa = XCConfigurationList;
			buildConfigurations = (
				E6FAEE892B4E89C5002B820D /* Debug */,
				E6FAEE8A2B4E89C5002B820D /* Release */,
			);
			defaultConfigurationIsVisible = 0;
			defaultConfigurationName = Release;
		};
		E6FAEE8B2B4E89C5002B820D /* Build configuration list for PBXNativeTarget "BerlinClockTests" */ = {
			isa = XCConfigurationList;
			buildConfigurations = (
				E6FAEE8C2B4E89C5002B820D /* Debug */,
				E6FAEE8D2B4E89C5002B820D /* Release */,
			);
			defaultConfigurationIsVisible = 0;
			defaultConfigurationName = Release;
		};
/* End XCConfigurationList section */
	};
	rootObject = E6FAEE5C2B4E89C4002B820D /* Project object */;
}
